
Microsoft Visual Studio Solution File, Format Version 12.00
# Visual Studio 15
VisualStudioVersion = 15.0.28307.902
MinimumVisualStudioVersion = 10.0.40219.1
Project("{F184B08F-C81C-45F6-A57F-5ABD9991F28F}") = "flow", "DBtest\flow.vbproj", "{CFABC691-1802-4BC9-B357-81878203CB53}"
EndProject
Global
	GlobalSection(SolutionConfigurationPlatforms) = preSolution
		Debug|Any CPU = Debug|Any CPU
		Release|Any CPU = Release|Any CPU
	EndGlobalSection
	GlobalSection(ProjectConfigurationPlatforms) = postSolution
		{CFABC691-1802-4BC9-B357-81878203CB53}.Debug|Any CPU.ActiveCfg = Debug|Any CPU
		{CFABC691-1802-4BC9-B357-81878203CB53}.Debug|Any CPU.Build.0 = Debug|Any CPU
		{CFABC691-1802-4BC9-B357-81878203CB53}.Release|Any CPU.ActiveCfg = Release|Any CPU
		{CFABC691-1802-4BC9-B357-81878203CB53}.Release|Any CPU.Build.0 = Release|Any CPU
	EndGlobalSection
	GlobalSection(SolutionProperties) = preSolution
		HideSolutionNode = FALSE
	EndGlobalSection
	GlobalSection(ExtensibilityGlobals) = postSolution
		SolutionGuid = {A6D5509B-12EE-4787-8B64-713A85D7F3ED}
	EndGlobalSection
EndGlobal
